// !$*UTF8*$!
{
	archiveVersion = 1;
	classes = {
	};
	objectVersion = 46;
	objects = {

/* Begin PBXBuildFile section */
		1D7DBCAC1BB880FD00C85633 /* SketchingView.swift in Sources */ = {isa = PBXBuildFile; fileRef = 1D7DBCAB1BB880FD00C85633 /* SketchingView.swift */; };
		930243FF1CD5122C00CEC38D /* GradientView.swift in Sources */ = {isa = PBXBuildFile; fileRef = 930243FE1CD5122C00CEC38D /* GradientView.swift */; };
		930634A11CD6B45E0059896A /* IntervalSlider.swift in Sources */ = {isa = PBXBuildFile; fileRef = 930634A01CD6B45E0059896A /* IntervalSlider.swift */; };
		930634A41CD71E310059896A /* Main.storyboard in Resources */ = {isa = PBXBuildFile; fileRef = 930634A21CD71E310059896A /* Main.storyboard */; };
		9341A56E1BB0D35000D6BCB0 /* Fabric.framework in Frameworks */ = {isa = PBXBuildFile; fileRef = 9341A56C1BB0D35000D6BCB0 /* Fabric.framework */; };
		9341A56F1BB0D35000D6BCB0 /* Crashlytics.framework in Frameworks */ = {isa = PBXBuildFile; fileRef = 9341A56D1BB0D35000D6BCB0 /* Crashlytics.framework */; };
		93516B2C1C6DB8E200FD69CE /* Images.xcassets in Resources */ = {isa = PBXBuildFile; fileRef = 93516B2B1C6DB8E200FD69CE /* Images.xcassets */; };
		935B21161CB3544600537233 /* AudioKit.framework in Frameworks */ = {isa = PBXBuildFile; fileRef = 935B21101CB353E600537233 /* AudioKit.framework */; };
		935B21171CB3544600537233 /* AudioKit.framework in Embed Frameworks */ = {isa = PBXBuildFile; fileRef = 935B21101CB353E600537233 /* AudioKit.framework */; settings = {ATTRIBUTES = (CodeSignOnCopy, RemoveHeadersOnCopy, ); }; };
		935B211B1CB3640D00537233 /* Launch Screen.storyboard in Resources */ = {isa = PBXBuildFile; fileRef = 935B211A1CB3640D00537233 /* Launch Screen.storyboard */; };
		936E74AB1BB348C60089757A /* AudioInterface.swift in Sources */ = {isa = PBXBuildFile; fileRef = 936E74AA1BB348C60089757A /* AudioInterface.swift */; };
		938FBFF31BA79C5000EAFC7E /* AppDelegate.swift in Sources */ = {isa = PBXBuildFile; fileRef = 938FBFE71BA79C5000EAFC7E /* AppDelegate.swift */; };
		938FBFF91BA79C5000EAFC7E /* ViewController.swift in Sources */ = {isa = PBXBuildFile; fileRef = 938FBFEF1BA79C5000EAFC7E /* ViewController.swift */; };
		938FC0051BA79C7F00EAFC7E /* Sing_N_Sketch_Tests.swift in Sources */ = {isa = PBXBuildFile; fileRef = 938FC0041BA79C7F00EAFC7E /* Sing_N_Sketch_Tests.swift */; };
		9BFBF5BA1BC5DA33007117F4 /* Palette.swift in Sources */ = {isa = PBXBuildFile; fileRef = 9BFBF5B91BC5DA33007117F4 /* Palette.swift */; };
		C3EE00861C222EEB0082D3E8 /* Docs in Resources */ = {isa = PBXBuildFile; fileRef = C3EE00851C222EEB0082D3E8 /* Docs */; };
		F2FF3C3B1BA9FE5E0077FCAC /* Brush.swift in Sources */ = {isa = PBXBuildFile; fileRef = F2FF3C3A1BA9FE5E0077FCAC /* Brush.swift */; };
/* End PBXBuildFile section */

/* Begin PBXContainerItemProxy section */
		935B210F1CB353E600537233 /* PBXContainerItemProxy */ = {
			isa = PBXContainerItemProxy;
			containerPortal = 935B210A1CB353E500537233 /* AudioKit For iOS.xcodeproj */;
			proxyType = 2;
			remoteGlobalIDString = C42F35001C057E03000E937C;
			remoteInfo = AudioKit;
		};
		935B21111CB353E600537233 /* PBXContainerItemProxy */ = {
			isa = PBXContainerItemProxy;
			containerPortal = 935B210A1CB353E500537233 /* AudioKit For iOS.xcodeproj */;
			proxyType = 2;
			remoteGlobalIDString = C43792781C0CE2E0001E9160;
			remoteInfo = AudioKitTests;
		};
		935B21131CB3540A00537233 /* PBXContainerItemProxy */ = {
			isa = PBXContainerItemProxy;
			containerPortal = 935B210A1CB353E500537233 /* AudioKit For iOS.xcodeproj */;
			proxyType = 1;
			remoteGlobalIDString = C42F34FF1C057E03000E937C;
			remoteInfo = AudioKit;
		};
		935B21181CB3544600537233 /* PBXContainerItemProxy */ = {
			isa = PBXContainerItemProxy;
			containerPortal = 935B210A1CB353E500537233 /* AudioKit For iOS.xcodeproj */;
			proxyType = 1;
			remoteGlobalIDString = C42F34FF1C057E03000E937C;
			remoteInfo = AudioKit;
		};
		938FC0061BA79C7F00EAFC7E /* PBXContainerItemProxy */ = {
			isa = PBXContainerItemProxy;
			containerPortal = EE43D4651A14A6F200311C06 /* Project object */;
			proxyType = 1;
			remoteGlobalIDString = EE43D46C1A14A6F200311C06;
			remoteInfo = "Sing N Sketch";
		};
/* End PBXContainerItemProxy section */

/* Begin PBXCopyFilesBuildPhase section */
		9BCD801E1BB3393B0092771F /* Embed Frameworks */ = {
			isa = PBXCopyFilesBuildPhase;
			buildActionMask = 2147483647;
			dstPath = "";
			dstSubfolderSpec = 10;
			files = (
				935B21171CB3544600537233 /* AudioKit.framework in Embed Frameworks */,
			);
			name = "Embed Frameworks";
			runOnlyForDeploymentPostprocessing = 0;
		};
/* End PBXCopyFilesBuildPhase section */

/* Begin PBXFileReference section */
		1D7DBCAB1BB880FD00C85633 /* SketchingView.swift */ = {isa = PBXFileReference; fileEncoding = 4; lastKnownFileType = sourcecode.swift; path = SketchingView.swift; sourceTree = "<group>"; };
		930243FE1CD5122C00CEC38D /* GradientView.swift */ = {isa = PBXFileReference; fileEncoding = 4; lastKnownFileType = sourcecode.swift; path = GradientView.swift; sourceTree = "<group>"; };
		930634A01CD6B45E0059896A /* IntervalSlider.swift */ = {isa = PBXFileReference; fileEncoding = 4; lastKnownFileType = sourcecode.swift; name = IntervalSlider.swift; path = ../IntervalSlider.swift; sourceTree = "<group>"; };
		930634A31CD71E310059896A /* Base */ = {isa = PBXFileReference; lastKnownFileType = file.storyboard; name = Base; path = Base.lproj/Main.storyboard; sourceTree = "<group>"; };
		9341A56C1BB0D35000D6BCB0 /* Fabric.framework */ = {isa = PBXFileReference; lastKnownFileType = wrapper.framework; path = Fabric.framework; sourceTree = "<group>"; };
		9341A56D1BB0D35000D6BCB0 /* Crashlytics.framework */ = {isa = PBXFileReference; lastKnownFileType = wrapper.framework; path = Crashlytics.framework; sourceTree = "<group>"; };
		93516B2B1C6DB8E200FD69CE /* Images.xcassets */ = {isa = PBXFileReference; lastKnownFileType = folder.assetcatalog; path = Images.xcassets; sourceTree = "<group>"; };
		935B210A1CB353E500537233 /* AudioKit For iOS.xcodeproj */ = {isa = PBXFileReference; lastKnownFileType = "wrapper.pb-project"; name = "AudioKit For iOS.xcodeproj"; path = "AudioKit/AudioKit/iOS/AudioKit For iOS.xcodeproj"; sourceTree = "<group>"; };
		935B211A1CB3640D00537233 /* Launch Screen.storyboard */ = {isa = PBXFileReference; fileEncoding = 4; lastKnownFileType = file.storyboard; path = "Launch Screen.storyboard"; sourceTree = "<group>"; };
		936E74AA1BB348C60089757A /* AudioInterface.swift */ = {isa = PBXFileReference; fileEncoding = 4; lastKnownFileType = sourcecode.swift; name = AudioInterface.swift; path = ../AudioInterface.swift; sourceTree = "<group>"; };
		938FBFE71BA79C5000EAFC7E /* AppDelegate.swift */ = {isa = PBXFileReference; fileEncoding = 4; lastKnownFileType = sourcecode.swift; path = AppDelegate.swift; sourceTree = "<group>"; };
		938FBFED1BA79C5000EAFC7E /* Info.plist */ = {isa = PBXFileReference; fileEncoding = 4; lastKnownFileType = text.plist.xml; path = Info.plist; sourceTree = "<group>"; };
		938FBFEF1BA79C5000EAFC7E /* ViewController.swift */ = {isa = PBXFileReference; fileEncoding = 4; lastKnownFileType = sourcecode.swift; path = ViewController.swift; sourceTree = "<group>"; };
		938FC0001BA79C7F00EAFC7E /* Sing N Sketch Tests.xctest */ = {isa = PBXFileReference; explicitFileType = wrapper.cfbundle; includeInIndex = 0; path = "Sing N Sketch Tests.xctest"; sourceTree = BUILT_PRODUCTS_DIR; };
		938FC0031BA79C7F00EAFC7E /* Info.plist */ = {isa = PBXFileReference; lastKnownFileType = text.plist.xml; path = Info.plist; sourceTree = "<group>"; };
		938FC0041BA79C7F00EAFC7E /* Sing_N_Sketch_Tests.swift */ = {isa = PBXFileReference; lastKnownFileType = sourcecode.swift; path = Sing_N_Sketch_Tests.swift; sourceTree = "<group>"; };
		9BFBF5B91BC5DA33007117F4 /* Palette.swift */ = {isa = PBXFileReference; fileEncoding = 4; lastKnownFileType = sourcecode.swift; name = Palette.swift; path = ../Palette.swift; sourceTree = "<group>"; };
		C3EE00851C222EEB0082D3E8 /* Docs */ = {isa = PBXFileReference; lastKnownFileType = folder; name = Docs; path = "Sing N Sketch Tests/Docs"; sourceTree = "<group>"; };
		EE43D46D1A14A6F200311C06 /* Sing N Sketch.app */ = {isa = PBXFileReference; explicitFileType = wrapper.application; includeInIndex = 0; path = "Sing N Sketch.app"; sourceTree = BUILT_PRODUCTS_DIR; };
		F2FF3C3A1BA9FE5E0077FCAC /* Brush.swift */ = {isa = PBXFileReference; fileEncoding = 4; lastKnownFileType = sourcecode.swift; path = Brush.swift; sourceTree = "<group>"; };
/* End PBXFileReference section */

/* Begin PBXFrameworksBuildPhase section */
		938FBFFD1BA79C7F00EAFC7E /* Frameworks */ = {
			isa = PBXFrameworksBuildPhase;
			buildActionMask = 2147483647;
			files = (
			);
			runOnlyForDeploymentPostprocessing = 0;
		};
		EE43D46A1A14A6F200311C06 /* Frameworks */ = {
			isa = PBXFrameworksBuildPhase;
			buildActionMask = 2147483647;
			files = (
				935B21161CB3544600537233 /* AudioKit.framework in Frameworks */,
				9341A56F1BB0D35000D6BCB0 /* Crashlytics.framework in Frameworks */,
				9341A56E1BB0D35000D6BCB0 /* Fabric.framework in Frameworks */,
			);
			runOnlyForDeploymentPostprocessing = 0;
		};
/* End PBXFrameworksBuildPhase section */

/* Begin PBXGroup section */
		935B210B1CB353E500537233 /* Products */ = {
			isa = PBXGroup;
			children = (
				935B21101CB353E600537233 /* AudioKit.framework */,
				935B21121CB353E600537233 /* AudioKitTests.xctest */,
			);
			name = Products;
			sourceTree = "<group>";
		};
		938FBFE61BA79C5000EAFC7E /* Sing N Sketch */ = {
			isa = PBXGroup;
			children = (
				930634A01CD6B45E0059896A /* IntervalSlider.swift */,
				F2FF3C3A1BA9FE5E0077FCAC /* Brush.swift */,
				9BFBF5B91BC5DA33007117F4 /* Palette.swift */,
				936E74AA1BB348C60089757A /* AudioInterface.swift */,
				930634A21CD71E310059896A /* Main.storyboard */,
				935B211A1CB3640D00537233 /* Launch Screen.storyboard */,
				938FBFE71BA79C5000EAFC7E /* AppDelegate.swift */,
				938FBFED1BA79C5000EAFC7E /* Info.plist */,
				938FBFEF1BA79C5000EAFC7E /* ViewController.swift */,
				930243FE1CD5122C00CEC38D /* GradientView.swift */,
				1D7DBCAB1BB880FD00C85633 /* SketchingView.swift */,
				93516B2B1C6DB8E200FD69CE /* Images.xcassets */,
			);
			name = "Sing N Sketch";
			path = SingNSketch;
			sourceTree = "<group>";
		};
		938FC0011BA79C7F00EAFC7E /* Sing N Sketch Tests */ = {
			isa = PBXGroup;
			children = (
				938FC0041BA79C7F00EAFC7E /* Sing_N_Sketch_Tests.swift */,
				938FC0021BA79C7F00EAFC7E /* Supporting Files */,
			);
			path = "Sing N Sketch Tests";
			sourceTree = "<group>";
		};
		938FC0021BA79C7F00EAFC7E /* Supporting Files */ = {
			isa = PBXGroup;
			children = (
				938FC0031BA79C7F00EAFC7E /* Info.plist */,
			);
			name = "Supporting Files";
			sourceTree = "<group>";
		};
		C3EE00871C222EFC0082D3E8 /* Docs */ = {
			isa = PBXGroup;
			children = (
				C3EE00851C222EEB0082D3E8 /* Docs */,
			);
			name = Docs;
			sourceTree = "<group>";
		};
		EE43D4641A14A6F200311C06 = {
			isa = PBXGroup;
			children = (
				935B210A1CB353E500537233 /* AudioKit For iOS.xcodeproj */,
				938FBFE61BA79C5000EAFC7E /* Sing N Sketch */,
				938FC0011BA79C7F00EAFC7E /* Sing N Sketch Tests */,
				EE43D46E1A14A6F200311C06 /* Products */,
				C3EE00871C222EFC0082D3E8 /* Docs */,
				9341A56C1BB0D35000D6BCB0 /* Fabric.framework */,
				9341A56D1BB0D35000D6BCB0 /* Crashlytics.framework */,
			);
			sourceTree = "<group>";
		};
		EE43D46E1A14A6F200311C06 /* Products */ = {
			isa = PBXGroup;
			children = (
				EE43D46D1A14A6F200311C06 /* Sing N Sketch.app */,
				938FC0001BA79C7F00EAFC7E /* Sing N Sketch Tests.xctest */,
			);
			name = Products;
			sourceTree = "<group>";
		};
/* End PBXGroup section */

/* Begin PBXNativeTarget section */
		938FBFFF1BA79C7F00EAFC7E /* Sing N Sketch Tests */ = {
			isa = PBXNativeTarget;
			buildConfigurationList = 938FC0081BA79C7F00EAFC7E /* Build configuration list for PBXNativeTarget "Sing N Sketch Tests" */;
			buildPhases = (
				938FBFFC1BA79C7F00EAFC7E /* Sources */,
				938FBFFD1BA79C7F00EAFC7E /* Frameworks */,
				938FBFFE1BA79C7F00EAFC7E /* Resources */,
			);
			buildRules = (
			);
			dependencies = (
				938FC0071BA79C7F00EAFC7E /* PBXTargetDependency */,
			);
			name = "Sing N Sketch Tests";
			productName = "Sing N Sketch Tests";
			productReference = 938FC0001BA79C7F00EAFC7E /* Sing N Sketch Tests.xctest */;
			productType = "com.apple.product-type.bundle.unit-test";
		};
		EE43D46C1A14A6F200311C06 /* Sing N Sketch */ = {
			isa = PBXNativeTarget;
			buildConfigurationList = EE43D48C1A14A6F200311C06 /* Build configuration list for PBXNativeTarget "Sing N Sketch" */;
			buildPhases = (
				EE43D4691A14A6F200311C06 /* Sources */,
				EE43D46A1A14A6F200311C06 /* Frameworks */,
				EE43D46B1A14A6F200311C06 /* Resources */,
				9341A56B1BB0D2AE00D6BCB0 /* ShellScript */,
				9BCD801E1BB3393B0092771F /* Embed Frameworks */,
				935B21081CB34FF900537233 /* ShellScript */,
			);
			buildRules = (
			);
			dependencies = (
				935B21141CB3540A00537233 /* PBXTargetDependency */,
				935B21191CB3544600537233 /* PBXTargetDependency */,
			);
			name = "Sing N Sketch";
			productName = DrawPad;
			productReference = EE43D46D1A14A6F200311C06 /* Sing N Sketch.app */;
			productType = "com.apple.product-type.application";
		};
/* End PBXNativeTarget section */

/* Begin PBXProject section */
		EE43D4651A14A6F200311C06 /* Project object */ = {
			isa = PBXProject;
			attributes = {
				LastSwiftUpdateCheck = 0710;
				LastUpgradeCheck = 0720;
				ORGANIZATIONNAME = BGSU;
				TargetAttributes = {
					938FBFFF1BA79C7F00EAFC7E = {
						CreatedOnToolsVersion = 6.4;
						TestTargetID = EE43D46C1A14A6F200311C06;
					};
					EE43D46C1A14A6F200311C06 = {
						CreatedOnToolsVersion = 6.1;
						DevelopmentTeam = JM2M72E6TN;
					};
				};
			};
			buildConfigurationList = EE43D4681A14A6F200311C06 /* Build configuration list for PBXProject "Sing N Sketch" */;
			compatibilityVersion = "Xcode 3.2";
			developmentRegion = English;
			hasScannedForEncodings = 0;
			knownRegions = (
				en,
				Base,
			);
			mainGroup = EE43D4641A14A6F200311C06;
			productRefGroup = EE43D46E1A14A6F200311C06 /* Products */;
			projectDirPath = "";
			projectReferences = (
				{
					ProductGroup = 935B210B1CB353E500537233 /* Products */;
					ProjectRef = 935B210A1CB353E500537233 /* AudioKit For iOS.xcodeproj */;
				},
			);
			projectRoot = "";
			targets = (
				EE43D46C1A14A6F200311C06 /* Sing N Sketch */,
				938FBFFF1BA79C7F00EAFC7E /* Sing N Sketch Tests */,
			);
		};
/* End PBXProject section */

/* Begin PBXReferenceProxy section */
		935B21101CB353E600537233 /* AudioKit.framework */ = {
			isa = PBXReferenceProxy;
			fileType = wrapper.framework;
			path = AudioKit.framework;
			remoteRef = 935B210F1CB353E600537233 /* PBXContainerItemProxy */;
			sourceTree = BUILT_PRODUCTS_DIR;
		};
		935B21121CB353E600537233 /* AudioKitTests.xctest */ = {
			isa = PBXReferenceProxy;
			fileType = wrapper.cfbundle;
			path = AudioKitTests.xctest;
			remoteRef = 935B21111CB353E600537233 /* PBXContainerItemProxy */;
			sourceTree = BUILT_PRODUCTS_DIR;
		};
/* End PBXReferenceProxy section */

/* Begin PBXResourcesBuildPhase section */
		938FBFFE1BA79C7F00EAFC7E /* Resources */ = {
			isa = PBXResourcesBuildPhase;
			buildActionMask = 2147483647;
			files = (
				C3EE00861C222EEB0082D3E8 /* Docs in Resources */,
			);
			runOnlyForDeploymentPostprocessing = 0;
		};
		EE43D46B1A14A6F200311C06 /* Resources */ = {
			isa = PBXResourcesBuildPhase;
			buildActionMask = 2147483647;
			files = (
				930634A41CD71E310059896A /* Main.storyboard in Resources */,
				935B211B1CB3640D00537233 /* Launch Screen.storyboard in Resources */,
				93516B2C1C6DB8E200FD69CE /* Images.xcassets in Resources */,
			);
			runOnlyForDeploymentPostprocessing = 0;
		};
/* End PBXResourcesBuildPhase section */

/* Begin PBXShellScriptBuildPhase section */
		9341A56B1BB0D2AE00D6BCB0 /* ShellScript */ = {
			isa = PBXShellScriptBuildPhase;
			buildActionMask = 2147483647;
			files = (
			);
			inputPaths = (
			);
			outputPaths = (
			);
			runOnlyForDeploymentPostprocessing = 0;
			shellPath = /bin/bash;
			shellScript = "./Fabric.framework/run be6beed5456e144f3663aa017d33a599624f0c07 3f24b54206953860ec74c6d4228c4d379f7868e69e8963975e84679ffff6622a\n";
		};
		935B21081CB34FF900537233 /* ShellScript */ = {
			isa = PBXShellScriptBuildPhase;
			buildActionMask = 2147483647;
			files = (
			);
			inputPaths = (
			);
			outputPaths = (
			);
			runOnlyForDeploymentPostprocessing = 0;
			shellPath = /bin/sh;
			shellScript = "/Users/grant/sing-n-sketch-1002/AudioKit/Frameworks/fix-framework.sh";
		};
/* End PBXShellScriptBuildPhase section */

/* Begin PBXSourcesBuildPhase section */
		938FBFFC1BA79C7F00EAFC7E /* Sources */ = {
			isa = PBXSourcesBuildPhase;
			buildActionMask = 2147483647;
			files = (
				938FC0051BA79C7F00EAFC7E /* Sing_N_Sketch_Tests.swift in Sources */,
			);
			runOnlyForDeploymentPostprocessing = 0;
		};
		EE43D4691A14A6F200311C06 /* Sources */ = {
			isa = PBXSourcesBuildPhase;
			buildActionMask = 2147483647;
			files = (
				936E74AB1BB348C60089757A /* AudioInterface.swift in Sources */,
				1D7DBCAC1BB880FD00C85633 /* SketchingView.swift in Sources */,
				938FBFF91BA79C5000EAFC7E /* ViewController.swift in Sources */,
				F2FF3C3B1BA9FE5E0077FCAC /* Brush.swift in Sources */,
				930243FF1CD5122C00CEC38D /* GradientView.swift in Sources */,
				9BFBF5BA1BC5DA33007117F4 /* Palette.swift in Sources */,
				938FBFF31BA79C5000EAFC7E /* AppDelegate.swift in Sources */,
				930634A11CD6B45E0059896A /* IntervalSlider.swift in Sources */,
			);
			runOnlyForDeploymentPostprocessing = 0;
		};
/* End PBXSourcesBuildPhase section */

/* Begin PBXTargetDependency section */
		935B21141CB3540A00537233 /* PBXTargetDependency */ = {
			isa = PBXTargetDependency;
			name = AudioKit;
			targetProxy = 935B21131CB3540A00537233 /* PBXContainerItemProxy */;
		};
		935B21191CB3544600537233 /* PBXTargetDependency */ = {
			isa = PBXTargetDependency;
			name = AudioKit;
			targetProxy = 935B21181CB3544600537233 /* PBXContainerItemProxy */;
		};
		938FC0071BA79C7F00EAFC7E /* PBXTargetDependency */ = {
			isa = PBXTargetDependency;
			target = EE43D46C1A14A6F200311C06 /* Sing N Sketch */;
			targetProxy = 938FC0061BA79C7F00EAFC7E /* PBXContainerItemProxy */;
		};
/* End PBXTargetDependency section */

/* Begin PBXVariantGroup section */
		930634A21CD71E310059896A /* Main.storyboard */ = {
			isa = PBXVariantGroup;
			children = (
				930634A31CD71E310059896A /* Base */,
			);
			name = Main.storyboard;
			sourceTree = "<group>";
		};
/* End PBXVariantGroup section */

/* Begin XCBuildConfiguration section */
		938FC0091BA79C7F00EAFC7E /* Debug */ = {
			isa = XCBuildConfiguration;
			buildSettings = {
				BUNDLE_LOADER = "$(TEST_HOST)";
				DEBUG_INFORMATION_FORMAT = "dwarf-with-dsym";
				FRAMEWORK_SEARCH_PATHS = (
					"$(SDKROOT)/Developer/Library/Frameworks",
					"$(inherited)",
				);
				GCC_NO_COMMON_BLOCKS = YES;
				GCC_PREPROCESSOR_DEFINITIONS = (
					"DEBUG=1",
					"$(inherited)",
				);
				INFOPLIST_FILE = "Sing N Sketch Tests/Info.plist";
				IPHONEOS_DEPLOYMENT_TARGET = 8.4;
				LD_RUNPATH_SEARCH_PATHS = "$(inherited) @executable_path/Frameworks @loader_path/Frameworks";
				PRODUCT_BUNDLE_IDENTIFIER = "edu.bgsu.$(PRODUCT_NAME:rfc1034identifier)";
				PRODUCT_NAME = "$(TARGET_NAME)";
				TEST_HOST = "$(BUILT_PRODUCTS_DIR)/Sing N Sketch.app/Sing N Sketch";
			};
			name = Debug;
		};
		938FC00A1BA79C7F00EAFC7E /* Release */ = {
			isa = XCBuildConfiguration;
			buildSettings = {
				BUNDLE_LOADER = "$(TEST_HOST)";
				COPY_PHASE_STRIP = NO;
				DEBUG_INFORMATION_FORMAT = "dwarf-with-dsym";
				FRAMEWORK_SEARCH_PATHS = (
					"$(SDKROOT)/Developer/Library/Frameworks",
					"$(inherited)",
				);
				GCC_NO_COMMON_BLOCKS = YES;
				INFOPLIST_FILE = "Sing N Sketch Tests/Info.plist";
				IPHONEOS_DEPLOYMENT_TARGET = 8.4;
				LD_RUNPATH_SEARCH_PATHS = "$(inherited) @executable_path/Frameworks @loader_path/Frameworks";
				PRODUCT_BUNDLE_IDENTIFIER = "edu.bgsu.$(PRODUCT_NAME:rfc1034identifier)";
				PRODUCT_NAME = "$(TARGET_NAME)";
				TEST_HOST = "$(BUILT_PRODUCTS_DIR)/Sing N Sketch.app/Sing N Sketch";
			};
			name = Release;
		};
		EE43D48A1A14A6F200311C06 /* Debug */ = {
			isa = XCBuildConfiguration;
			buildSettings = {
				ALWAYS_SEARCH_USER_PATHS = NO;
				CLANG_CXX_LANGUAGE_STANDARD = "gnu++0x";
				CLANG_CXX_LIBRARY = "libc++";
				CLANG_ENABLE_MODULES = YES;
				CLANG_ENABLE_OBJC_ARC = YES;
				CLANG_WARN_BOOL_CONVERSION = YES;
				CLANG_WARN_CONSTANT_CONVERSION = YES;
				CLANG_WARN_DIRECT_OBJC_ISA_USAGE = YES_ERROR;
				CLANG_WARN_EMPTY_BODY = YES;
				CLANG_WARN_ENUM_CONVERSION = YES;
				CLANG_WARN_INT_CONVERSION = YES;
				CLANG_WARN_OBJC_ROOT_CLASS = YES_ERROR;
				CLANG_WARN_UNREACHABLE_CODE = YES;
				CLANG_WARN__DUPLICATE_METHOD_MATCH = YES;
				"CODE_SIGN_IDENTITY[sdk=iphoneos*]" = "iPhone Developer";
				COPY_PHASE_STRIP = NO;
				ENABLE_STRICT_OBJC_MSGSEND = YES;
				ENABLE_TESTABILITY = YES;
				GCC_C_LANGUAGE_STANDARD = gnu99;
				GCC_DYNAMIC_NO_PIC = NO;
				GCC_OPTIMIZATION_LEVEL = 0;
				GCC_PREPROCESSOR_DEFINITIONS = (
					"DEBUG=1",
					"$(inherited)",
				);
				GCC_SYMBOLS_PRIVATE_EXTERN = NO;
				GCC_WARN_64_TO_32_BIT_CONVERSION = YES;
				GCC_WARN_ABOUT_RETURN_TYPE = YES_ERROR;
				GCC_WARN_UNDECLARED_SELECTOR = YES;
				GCC_WARN_UNINITIALIZED_AUTOS = YES_AGGRESSIVE;
				GCC_WARN_UNUSED_FUNCTION = YES;
				GCC_WARN_UNUSED_VARIABLE = YES;
				IPHONEOS_DEPLOYMENT_TARGET = 8.1;
				MTL_ENABLE_DEBUG_INFO = YES;
				ONLY_ACTIVE_ARCH = YES;
				SDKROOT = iphoneos;
				SWIFT_OPTIMIZATION_LEVEL = "-Onone";
			};
			name = Debug;
		};
		EE43D48B1A14A6F200311C06 /* Release */ = {
			isa = XCBuildConfiguration;
			buildSettings = {
				ALWAYS_SEARCH_USER_PATHS = NO;
				CLANG_CXX_LANGUAGE_STANDARD = "gnu++0x";
				CLANG_CXX_LIBRARY = "libc++";
				CLANG_ENABLE_MODULES = YES;
				CLANG_ENABLE_OBJC_ARC = YES;
				CLANG_WARN_BOOL_CONVERSION = YES;
				CLANG_WARN_CONSTANT_CONVERSION = YES;
				CLANG_WARN_DIRECT_OBJC_ISA_USAGE = YES_ERROR;
				CLANG_WARN_EMPTY_BODY = YES;
				CLANG_WARN_ENUM_CONVERSION = YES;
				CLANG_WARN_INT_CONVERSION = YES;
				CLANG_WARN_OBJC_ROOT_CLASS = YES_ERROR;
				CLANG_WARN_UNREACHABLE_CODE = YES;
				CLANG_WARN__DUPLICATE_METHOD_MATCH = YES;
				"CODE_SIGN_IDENTITY[sdk=iphoneos*]" = "iPhone Developer";
				COPY_PHASE_STRIP = YES;
				ENABLE_NS_ASSERTIONS = NO;
				ENABLE_STRICT_OBJC_MSGSEND = YES;
				GCC_C_LANGUAGE_STANDARD = gnu99;
				GCC_WARN_64_TO_32_BIT_CONVERSION = YES;
				GCC_WARN_ABOUT_RETURN_TYPE = YES_ERROR;
				GCC_WARN_UNDECLARED_SELECTOR = YES;
				GCC_WARN_UNINITIALIZED_AUTOS = YES_AGGRESSIVE;
				GCC_WARN_UNUSED_FUNCTION = YES;
				GCC_WARN_UNUSED_VARIABLE = YES;
				IPHONEOS_DEPLOYMENT_TARGET = 8.1;
				MTL_ENABLE_DEBUG_INFO = NO;
				SDKROOT = iphoneos;
				VALIDATE_PRODUCT = YES;
			};
			name = Release;
		};
		EE43D48D1A14A6F200311C06 /* Debug */ = {
			isa = XCBuildConfiguration;
			buildSettings = {
				ALWAYS_SEARCH_USER_PATHS = YES;
				ASSETCATALOG_COMPILER_APPICON_NAME = AppIcon;
				ASSETCATALOG_COMPILER_LAUNCHIMAGE_NAME = "Brand Assets";
				CODE_SIGN_IDENTITY = "iPhone Developer";
				"CODE_SIGN_IDENTITY[sdk=iphoneos*]" = "iPhone Developer";
				EMBEDDED_CONTENT_CONTAINS_SWIFT = YES;
				FRAMEWORK_SEARCH_PATHS = (
					"$(inherited)",
					"$(PROJECT_DIR)",
					"$(PROJECT_DIR)/AudioKit/AudioKit/Platforms/iOS/**",
					"$(PROJECT_DIR)/AudioKit/Frameworks/AudioKit-iOS",
				);
				INFOPLIST_FILE = SingNSketch/Info.plist;
				IPHONEOS_DEPLOYMENT_TARGET = 9.0;
				LD_RUNPATH_SEARCH_PATHS = "$(inherited) @executable_path/Frameworks";
				OTHER_LDFLAGS = "";
				PRODUCT_BUNDLE_IDENTIFIER = edu.bgsu.SingNSketch;
				PRODUCT_NAME = "Sing N Sketch";
				PROVISIONING_PROFILE = "";
				SWIFT_OBJC_BRIDGING_HEADER = "Bridging-Header.h";
				TARGETED_DEVICE_FAMILY = "1,2";
				USER_HEADER_SEARCH_PATHS = "$(PROJECT_DIR)/AudioKit/AudioKit/**";
			};
			name = Debug;
		};
		EE43D48E1A14A6F200311C06 /* Release */ = {
			isa = XCBuildConfiguration;
			buildSettings = {
				ALWAYS_SEARCH_USER_PATHS = YES;
				ASSETCATALOG_COMPILER_APPICON_NAME = AppIcon;
				ASSETCATALOG_COMPILER_LAUNCHIMAGE_NAME = "Brand Assets";
				CODE_SIGN_IDENTITY = "iPhone Developer";
				"CODE_SIGN_IDENTITY[sdk=iphoneos*]" = "iPhone Developer";
				EMBEDDED_CONTENT_CONTAINS_SWIFT = YES;
				FRAMEWORK_SEARCH_PATHS = (
					"$(inherited)",
					"$(PROJECT_DIR)",
					"$(PROJECT_DIR)/AudioKit/AudioKit/Platforms/iOS/**",
					"$(PROJECT_DIR)/AudioKit/Frameworks/AudioKit-iOS",
				);
				INFOPLIST_FILE = SingNSketch/Info.plist;
				IPHONEOS_DEPLOYMENT_TARGET = 9.0;
				LD_RUNPATH_SEARCH_PATHS = "$(inherited) @executable_path/Frameworks";
				OTHER_LDFLAGS = "";
				PRODUCT_BUNDLE_IDENTIFIER = edu.bgsu.SingNSketch;
				PRODUCT_NAME = "Sing N Sketch";
				PROVISIONING_PROFILE = "";
				SWIFT_OBJC_BRIDGING_HEADER = "Bridging-Header.h";
				TARGETED_DEVICE_FAMILY = "1,2";
				USER_HEADER_SEARCH_PATHS = "$(PROJECT_DIR)/AudioKit/AudioKit/**";
			};
			name = Release;
		};
/* End XCBuildConfiguration section */

/* Begin XCConfigurationList section */
		938FC0081BA79C7F00EAFC7E /* Build configuration list for PBXNativeTarget "Sing N Sketch Tests" */ = {
			isa = XCConfigurationList;
			buildConfigurations = (
				938FC0091BA79C7F00EAFC7E /* Debug */,
				938FC00A1BA79C7F00EAFC7E /* Release */,
			);
			defaultConfigurationIsVisible = 0;
			defaultConfigurationName = Release;
		};
		EE43D4681A14A6F200311C06 /* Build configuration list for PBXProject "Sing N Sketch" */ = {
			isa = XCConfigurationList;
			buildConfigurations = (
				EE43D48A1A14A6F200311C06 /* Debug */,
				EE43D48B1A14A6F200311C06 /* Release */,
			);
			defaultConfigurationIsVisible = 0;
			defaultConfigurationName = Release;
		};
		EE43D48C1A14A6F200311C06 /* Build configuration list for PBXNativeTarget "Sing N Sketch" */ = {
			isa = XCConfigurationList;
			buildConfigurations = (
				EE43D48D1A14A6F200311C06 /* Debug */,
				EE43D48E1A14A6F200311C06 /* Release */,
			);
			defaultConfigurationIsVisible = 0;
			defaultConfigurationName = Release;
		};
/* End XCConfigurationList section */
	};
	rootObject = EE43D4651A14A6F200311C06 /* Project object */;
}
